// !$*UTF8*$!
{
	archiveVersion = 1;
	classes = {
	};
	objectVersion = 55;
	objects = {

/* Begin PBXBuildFile section */
		BD2763B12906780F00A6EE19 /* VerticalCollectionViewCell.swift in Sources */ = {isa = PBXBuildFile; fileRef = BD2763B02906780F00A6EE19 /* VerticalCollectionViewCell.swift */; };
		BD6760DA290440B800CEF145 /* AppDelegate.swift in Sources */ = {isa = PBXBuildFile; fileRef = BD6760D9290440B800CEF145 /* AppDelegate.swift */; };
		BD6760DE290440B800CEF145 /* ViewController.swift in Sources */ = {isa = PBXBuildFile; fileRef = BD6760DD290440B800CEF145 /* ViewController.swift */; };
		BD6760E3290440B900CEF145 /* Assets.xcassets in Resources */ = {isa = PBXBuildFile; fileRef = BD6760E2290440B900CEF145 /* Assets.xcassets */; };
		BD6760E6290440B900CEF145 /* LaunchScreen.storyboard in Resources */ = {isa = PBXBuildFile; fileRef = BD6760E4290440B900CEF145 /* LaunchScreen.storyboard */; };
		BD6760EE290442B900CEF145 /* MainImageView.swift in Sources */ = {isa = PBXBuildFile; fileRef = BD6760ED290442B900CEF145 /* MainImageView.swift */; };
		BD6760F229044F1700CEF145 /* HorizontalCollectionView.swift in Sources */ = {isa = PBXBuildFile; fileRef = BD6760F129044F1700CEF145 /* HorizontalCollectionView.swift */; };
		BD6760F42904528A00CEF145 /* HorizontalCollectionViewCell.swift in Sources */ = {isa = PBXBuildFile; fileRef = BD6760F32904528A00CEF145 /* HorizontalCollectionViewCell.swift */; };
		BDAAA5782905C53B0043D473 /* VerticalCollectionView.swift in Sources */ = {isa = PBXBuildFile; fileRef = BDAAA5772905C53B0043D473 /* VerticalCollectionView.swift */; };
/* End PBXBuildFile section */

/* Begin PBXFileReference section */
		BD2763B02906780F00A6EE19 /* VerticalCollectionViewCell.swift */ = {isa = PBXFileReference; lastKnownFileType = sourcecode.swift; path = VerticalCollectionViewCell.swift; sourceTree = "<group>"; };
		BD6760D6290440B800CEF145 /* HorizontalMenu.app */ = {isa = PBXFileReference; explicitFileType = wrapper.application; includeInIndex = 0; path = HorizontalMenu.app; sourceTree = BUILT_PRODUCTS_DIR; };
		BD6760D9290440B800CEF145 /* AppDelegate.swift */ = {isa = PBXFileReference; lastKnownFileType = sourcecode.swift; path = AppDelegate.swift; sourceTree = "<group>"; };
		BD6760DD290440B800CEF145 /* ViewController.swift */ = {isa = PBXFileReference; lastKnownFileType = sourcecode.swift; path = ViewController.swift; sourceTree = "<group>"; };
		BD6760E2290440B900CEF145 /* Assets.xcassets */ = {isa = PBXFileReference; lastKnownFileType = folder.assetcatalog; path = Assets.xcassets; sourceTree = "<group>"; };
		BD6760E5290440B900CEF145 /* Base */ = {isa = PBXFileReference; lastKnownFileType = file.storyboard; name = Base; path = Base.lproj/LaunchScreen.storyboard; sourceTree = "<group>"; };
		BD6760E7290440B900CEF145 /* Info.plist */ = {isa = PBXFileReference; lastKnownFileType = text.plist.xml; path = Info.plist; sourceTree = "<group>"; };
		BD6760ED290442B900CEF145 /* MainImageView.swift */ = {isa = PBXFileReference; lastKnownFileType = sourcecode.swift; path = MainImageView.swift; sourceTree = "<group>"; };
		BD6760F129044F1700CEF145 /* HorizontalCollectionView.swift */ = {isa = PBXFileReference; lastKnownFileType = sourcecode.swift; path = HorizontalCollectionView.swift; sourceTree = "<group>"; };
		BD6760F32904528A00CEF145 /* HorizontalCollectionViewCell.swift */ = {isa = PBXFileReference; lastKnownFileType = sourcecode.swift; path = HorizontalCollectionViewCell.swift; sourceTree = "<group>"; };
		BDAAA5772905C53B0043D473 /* VerticalCollectionView.swift */ = {isa = PBXFileReference; lastKnownFileType = sourcecode.swift; path = VerticalCollectionView.swift; sourceTree = "<group>"; };
/* End PBXFileReference section */

/* Begin PBXFrameworksBuildPhase section */
		BD6760D3290440B800CEF145 /* Frameworks */ = {
			isa = PBXFrameworksBuildPhase;
			buildActionMask = 2147483647;
			files = (
			);
			runOnlyForDeploymentPostprocessing = 0;
		};
/* End PBXFrameworksBuildPhase section */

/* Begin PBXGroup section */
		BD6760CD290440B800CEF145 = {
			isa = PBXGroup;
			children = (
				BD6760D8290440B800CEF145 /* HorizontalMenu */,
				BD6760D7290440B800CEF145 /* Products */,
			);
			sourceTree = "<group>";
		};
		BD6760D7290440B800CEF145 /* Products */ = {
			isa = PBXGroup;
			children = (
				BD6760D6290440B800CEF145 /* HorizontalMenu.app */,
			);
			name = Products;
			sourceTree = "<group>";
		};
		BD6760D8290440B800CEF145 /* HorizontalMenu */ = {
			isa = PBXGroup;
			children = (
				BD6760D9290440B800CEF145 /* AppDelegate.swift */,
				BD6760DD290440B800CEF145 /* ViewController.swift */,
				BD6760ED290442B900CEF145 /* MainImageView.swift */,
				BD2763B02906780F00A6EE19 /* VerticalCollectionViewCell.swift */,
				BDAAA5772905C53B0043D473 /* VerticalCollectionView.swift */,
				BD6760F32904528A00CEF145 /* HorizontalCollectionViewCell.swift */,
				BD6760F129044F1700CEF145 /* HorizontalCollectionView.swift */,
				BD6760E2290440B900CEF145 /* Assets.xcassets */,
				BD6760E4290440B900CEF145 /* LaunchScreen.storyboard */,
				BD6760E7290440B900CEF145 /* Info.plist */,
			);
			path = HorizontalMenu;
			sourceTree = "<group>";
		};
/* End PBXGroup section */

/* Begin PBXNativeTarget section */
		BD6760D5290440B800CEF145 /* HorizontalMenu */ = {
			isa = PBXNativeTarget;
			buildConfigurationList = BD6760EA290440B900CEF145 /* Build configuration list for PBXNativeTarget "HorizontalMenu" */;
			buildPhases = (
				BD6760D2290440B800CEF145 /* Sources */,
				BD6760D3290440B800CEF145 /* Frameworks */,
				BD6760D4290440B800CEF145 /* Resources */,
			);
			buildRules = (
			);
			dependencies = (
			);
			name = HorizontalMenu;
			productName = HorizontalMenu;
			productReference = BD6760D6290440B800CEF145 /* HorizontalMenu.app */;
			productType = "com.apple.product-type.application";
		};
/* End PBXNativeTarget section */

/* Begin PBXProject section */
		BD6760CE290440B800CEF145 /* Project object */ = {
			isa = PBXProject;
			attributes = {
				BuildIndependentTargetsInParallel = 1;
				LastSwiftUpdateCheck = 1320;
				LastUpgradeCheck = 1320;
				TargetAttributes = {
					BD6760D5290440B800CEF145 = {
						CreatedOnToolsVersion = 13.2.1;
					};
				};
			};
			buildConfigurationList = BD6760D1290440B800CEF145 /* Build configuration list for PBXProject "HorizontalMenu" */;
			compatibilityVersion = "Xcode 13.0";
			developmentRegion = en;
			hasScannedForEncodings = 0;
			knownRegions = (
				en,
				Base,
			);
			mainGroup = BD6760CD290440B800CEF145;
			productRefGroup = BD6760D7290440B800CEF145 /* Products */;
			projectDirPath = "";
			projectRoot = "";
			targets = (
				BD6760D5290440B800CEF145 /* HorizontalMenu */,
			);
		};
/* End PBXProject section */

/* Begin PBXResourcesBuildPhase section */
		BD6760D4290440B800CEF145 /* Resources */ = {
			isa = PBXResourcesBuildPhase;
			buildActionMask = 2147483647;
			files = (
				BD6760E6290440B900CEF145 /* LaunchScreen.storyboard in Resources */,
				BD6760E3290440B900CEF145 /* Assets.xcassets in Resources */,
			);
			runOnlyForDeploymentPostprocessing = 0;
		};
/* End PBXResourcesBuildPhase section */

/* Begin PBXSourcesBuildPhase section */
		BD6760D2290440B800CEF145 /* Sources */ = {
			isa = PBXSourcesBuildPhase;
			buildActionMask = 2147483647;
			files = (
				BDAAA5782905C53B0043D473 /* VerticalCollectionView.swift in Sources */,
				BD6760F42904528A00CEF145 /* HorizontalCollectionViewCell.swift in Sources */,
				BD6760EE290442B900CEF145 /* MainImageView.swift in Sources */,
				BD6760DE290440B800CEF145 /* ViewController.swift in Sources */,
				BD6760F229044F1700CEF145 /* HorizontalCollectionView.swift in Sources */,
				BD2763B12906780F00A6EE19 /* VerticalCollectionViewCell.swift in Sources */,
				BD6760DA290440B800CEF145 /* AppDelegate.swift in Sources */,
			);
			runOnlyForDeploymentPostprocessing = 0;
		};
/* End PBXSourcesBuildPhase section */

/* Begin PBXVariantGroup section */
		BD6760E4290440B900CEF145 /* LaunchScreen.storyboard */ = {
			isa = PBXVariantGroup;
			children = (
				BD6760E5290440B900CEF145 /* Base */,
			);
			name = LaunchScreen.storyboard;
			sourceTree = "<group>";
		};
/* End PBXVariantGroup section */

/* Begin XCBuildConfiguration section */
		BD6760E8290440B900CEF145 /* Debug */ = {
			isa = XCBuildConfiguration;
			buildSettings = {
				ALWAYS_SEARCH_USER_PATHS = NO;
				CLANG_ANALYZER_NONNULL = YES;
				CLANG_ANALYZER_NUMBER_OBJECT_CONVERSION = YES_AGGRESSIVE;
				CLANG_CXX_LANGUAGE_STANDARD = "gnu++17";
				CLANG_CXX_LIBRARY = "libc++";
				CLANG_ENABLE_MODULES = YES;
				CLANG_ENABLE_OBJC_ARC = YES;
				CLANG_ENABLE_OBJC_WEAK = YES;
				CLANG_WARN_BLOCK_CAPTURE_AUTORELEASING = YES;
				CLANG_WARN_BOOL_CONVERSION = YES;
				CLANG_WARN_COMMA = YES;
				CLANG_WARN_CONSTANT_CONVERSION = YES;
				CLANG_WARN_DEPRECATED_OBJC_IMPLEMENTATIONS = YES;
				CLANG_WARN_DIRECT_OBJC_ISA_USAGE = YES_ERROR;
				CLANG_WARN_DOCUMENTATION_COMMENTS = YES;
				CLANG_WARN_EMPTY_BODY = YES;
				CLANG_WARN_ENUM_CONVERSION = YES;
				CLANG_WARN_INFINITE_RECURSION = YES;
				CLANG_WARN_INT_CONVERSION = YES;
				CLANG_WARN_NON_LITERAL_NULL_CONVERSION = YES;
				CLANG_WARN_OBJC_IMPLICIT_RETAIN_SELF = YES;
				CLANG_WARN_OBJC_LITERAL_CONVERSION = YES;
				CLANG_WARN_OBJC_ROOT_CLASS = YES_ERROR;
				CLANG_WARN_QUOTED_INCLUDE_IN_FRAMEWORK_HEADER = YES;
				CLANG_WARN_RANGE_LOOP_ANALYSIS = YES;
				CLANG_WARN_STRICT_PROTOTYPES = YES;
				CLANG_WARN_SUSPICIOUS_MOVE = YES;
				CLANG_WARN_UNGUARDED_AVAILABILITY = YES_AGGRESSIVE;
				CLANG_WARN_UNREACHABLE_CODE = YES;
				CLANG_WARN__DUPLICATE_METHOD_MATCH = YES;
				COPY_PHASE_STRIP = NO;
				DEBUG_INFORMATION_FORMAT = dwarf;
				ENABLE_STRICT_OBJC_MSGSEND = YES;
				ENABLE_TESTABILITY = YES;
				GCC_C_LANGUAGE_STANDARD = gnu11;
				GCC_DYNAMIC_NO_PIC = NO;
				GCC_NO_COMMON_BLOCKS = YES;
				GCC_OPTIMIZATION_LEVEL = 0;
				GCC_PREPROCESSOR_DEFINITIONS = (
					"DEBUG=1",
					"$(inherited)",
				);
				GCC_WARN_64_TO_32_BIT_CONVERSION = YES;
				GCC_WARN_ABOUT_RETURN_TYPE = YES_ERROR;
				GCC_WARN_UNDECLARED_SELECTOR = YES;
				GCC_WARN_UNINITIALIZED_AUTOS = YES_AGGRESSIVE;
				GCC_WARN_UNUSED_FUNCTION = YES;
				GCC_WARN_UNUSED_VARIABLE = YES;
				IPHONEOS_DEPLOYMENT_TARGET = 15.2;
				MTL_ENABLE_DEBUG_INFO = INCLUDE_SOURCE;
				MTL_FAST_MATH = YES;
				ONLY_ACTIVE_ARCH = YES;
				SDKROOT = iphoneos;
				SWIFT_ACTIVE_COMPILATION_CONDITIONS = DEBUG;
				SWIFT_OPTIMIZATION_LEVEL = "-Onone";
			};
			name = Debug;
		};
		BD6760E9290440B900CEF145 /* Release */ = {
			isa = XCBuildConfiguration;
			buildSettings = {
				ALWAYS_SEARCH_USER_PATHS = NO;
				CLANG_ANALYZER_NONNULL = YES;
				CLANG_ANALYZER_NUMBER_OBJECT_CONVERSION = YES_AGGRESSIVE;
				CLANG_CXX_LANGUAGE_STANDARD = "gnu++17";
				CLANG_CXX_LIBRARY = "libc++";
				CLANG_ENABLE_MODULES = YES;
				CLANG_ENABLE_OBJC_ARC = YES;
				CLANG_ENABLE_OBJC_WEAK = YES;
				CLANG_WARN_BLOCK_CAPTURE_AUTORELEASING = YES;
				CLANG_WARN_BOOL_CONVERSION = YES;
				CLANG_WARN_COMMA = YES;
				CLANG_WARN_CONSTANT_CONVERSION = YES;
				CLANG_WARN_DEPRECATED_OBJC_IMPLEMENTATIONS = YES;
				CLANG_WARN_DIRECT_OBJC_ISA_USAGE = YES_ERROR;
				CLANG_WARN_DOCUMENTATION_COMMENTS = YES;
				CLANG_WARN_EMPTY_BODY = YES;
				CLANG_WARN_ENUM_CONVERSION = YES;
				CLANG_WARN_INFINITE_RECURSION = YES;
				CLANG_WARN_INT_CONVERSION = YES;
				CLANG_WARN_NON_LITERAL_NULL_CONVERSION = YES;
				CLANG_WARN_OBJC_IMPLICIT_RETAIN_SELF = YES;
				CLANG_WARN_OBJC_LITERAL_CONVERSION = YES;
				CLANG_WARN_OBJC_ROOT_CLASS = YES_ERROR;
				CLANG_WARN_QUOTED_INCLUDE_IN_FRAMEWORK_HEADER = YES;
				CLANG_WARN_RANGE_LOOP_ANALYSIS = YES;
				CLANG_WARN_STRICT_PROTOTYPES = YES;
				CLANG_WARN_SUSPICIOUS_MOVE = YES;
				CLANG_WARN_UNGUARDED_AVAILABILITY = YES_AGGRESSIVE;
				CLANG_WARN_UNREACHABLE_CODE = YES;
				CLANG_WARN__DUPLICATE_METHOD_MATCH = YES;
				COPY_PHASE_STRIP = NO;
				DEBUG_INFORMATION_FORMAT = "dwarf-with-dsym";
				ENABLE_NS_ASSERTIONS = NO;
				ENABLE_STRICT_OBJC_MSGSEND = YES;
				GCC_C_LANGUAGE_STANDARD = gnu11;
				GCC_NO_COMMON_BLOCKS = YES;
				GCC_WARN_64_TO_32_BIT_CONVERSION = YES;
				GCC_WARN_ABOUT_RETURN_TYPE = YES_ERROR;
				GCC_WARN_UNDECLARED_SELECTOR = YES;
				GCC_WARN_UNINITIALIZED_AUTOS = YES_AGGRESSIVE;
				GCC_WARN_UNUSED_FUNCTION = YES;
				GCC_WARN_UNUSED_VARIABLE = YES;
				IPHONEOS_DEPLOYMENT_TARGET = 15.2;
				MTL_ENABLE_DEBUG_INFO = NO;
				MTL_FAST_MATH = YES;
				SDKROOT = iphoneos;
				SWIFT_COMPILATION_MODE = wholemodule;
				SWIFT_OPTIMIZATION_LEVEL = "-O";
				VALIDATE_PRODUCT = YES;
			};
			name = Release;
		};
		BD6760EB290440B900CEF145 /* Debug */ = {
			isa = XCBuildConfiguration;
			buildSettings = {
				ASSETCATALOG_COMPILER_APPICON_NAME = AppIcon;
				ASSETCATALOG_COMPILER_GLOBAL_ACCENT_COLOR_NAME = AccentColor;
				CODE_SIGN_STYLE = Automatic;
				CURRENT_PROJECT_VERSION = 1;
				DEVELOPMENT_TEAM = P745L5C6BY;
				GENERATE_INFOPLIST_FILE = YES;
				INFOPLIST_FILE = HorizontalMenu/Info.plist;
				INFOPLIST_KEY_UIApplicationSupportsIndirectInputEvents = YES;
				INFOPLIST_KEY_UILaunchStoryboardName = LaunchScreen;
				INFOPLIST_KEY_UISupportedInterfaceOrientations_iPad = "UIInterfaceOrientationPortrait UIInterfaceOrientationPortraitUpsideDown UIInterfaceOrientationLandscapeLeft UIInterfaceOrientationLandscapeRight";
				INFOPLIST_KEY_UISupportedInterfaceOrientations_iPhone = "UIInterfaceOrientationPortrait UIInterfaceOrientationLandscapeLeft UIInterfaceOrientationLandscapeRight";
				LD_RUNPATH_SEARCH_PATHS = (
					"$(inherited)",
					"@executable_path/Frameworks",
				);
				MARKETING_VERSION = 1.0;
				PRODUCT_BUNDLE_IDENTIFIER = Kvashnin.HorizontalMenu;
				PRODUCT_NAME = "$(TARGET_NAME)";
				SWIFT_EMIT_LOC_STRINGS = YES;
				SWIFT_VERSION = 5.0;
				TARGETED_DEVICE_FAMILY = "1,2";
			};
			name = Debug;
		};
		BD6760EC290440B900CEF145 /* Release */ = {
			isa = XCBuildConfiguration;
			buildSettings = {
				ASSETCATALOG_COMPILER_APPICON_NAME = AppIcon;
				ASSETCATALOG_COMPILER_GLOBAL_ACCENT_COLOR_NAME = AccentColor;
				CODE_SIGN_STYLE = Automatic;
				CURRENT_PROJECT_VERSION = 1;
				DEVELOPMENT_TEAM = P745L5C6BY;
				GENERATE_INFOPLIST_FILE = YES;
				INFOPLIST_FILE = HorizontalMenu/Info.plist;
				INFOPLIST_KEY_UIApplicationSupportsIndirectInputEvents = YES;
				INFOPLIST_KEY_UILaunchStoryboardName = LaunchScreen;
				INFOPLIST_KEY_UISupportedInterfaceOrientations_iPad = "UIInterfaceOrientationPortrait UIInterfaceOrientationPortraitUpsideDown UIInterfaceOrientationLandscapeLeft UIInterfaceOrientationLandscapeRight";
				INFOPLIST_KEY_UISupportedInterfaceOrientations_iPhone = "UIInterfaceOrientationPortrait UIInterfaceOrientationLandscapeLeft UIInterfaceOrientationLandscapeRight";
				LD_RUNPATH_SEARCH_PATHS = (
					"$(inherited)",
					"@executable_path/Frameworks",
				);
				MARKETING_VERSION = 1.0;
				PRODUCT_BUNDLE_IDENTIFIER = Kvashnin.HorizontalMenu;
				PRODUCT_NAME = "$(TARGET_NAME)";
				SWIFT_EMIT_LOC_STRINGS = YES;
				SWIFT_VERSION = 5.0;
				TARGETED_DEVICE_FAMILY = "1,2";
			};
			name = Release;
		};
/* End XCBuildConfiguration section */

/* Begin XCConfigurationList section */
		BD6760D1290440B800CEF145 /* Build configuration list for PBXProject "HorizontalMenu" */ = {
			isa = XCConfigurationList;
			buildConfigurations = (
				BD6760E8290440B900CEF145 /* Debug */,
				BD6760E9290440B900CEF145 /* Release */,
			);
			defaultConfigurationIsVisible = 0;
			defaultConfigurationName = Release;
		};
		BD6760EA290440B900CEF145 /* Build configuration list for PBXNativeTarget "HorizontalMenu" */ = {
			isa = XCConfigurationList;
			buildConfigurations = (
				BD6760EB290440B900CEF145 /* Debug */,
				BD6760EC290440B900CEF145 /* Release */,
			);
			defaultConfigurationIsVisible = 0;
			defaultConfigurationName = Release;
		};
/* End XCConfigurationList section */
	};
	rootObject = BD6760CE290440B800CEF145 /* Project object */;
}
